
Microsoft Visual Studio Solution File, Format Version 12.00
# Visual Studio 15
Project("{FAE04EC0-301F-11D3-BF4B-00C04F79EFBC}") = "2019-01-laboratorio-7", "2019-01-laboratorio-7.csproj", "{7044ACBB-DC2B-42BC-9DE1-F0D54FA98428}"
EndProject
Project("{2150E333-8FDC-42A3-9474-1A3956D46DE8}") = "Solution Items", "Solution Items", "{C095F477-3F80-4ADC-ABD4-F7ACA5925FAC}"
	ProjectSection(SolutionItems) = preProject
		.gitignore = .gitignore
	EndProjectSection
EndProject
Global
	GlobalSection(SolutionConfigurationPlatforms) = preSolution
		Debug|x86 = Debug|x86
		Release|x86 = Release|x86
	EndGlobalSection
	GlobalSection(ProjectConfigurationPlatforms) = postSolution
		{7044ACBB-DC2B-42BC-9DE1-F0D54FA98428}.Debug|x86.ActiveCfg = Debug|x86
		{7044ACBB-DC2B-42BC-9DE1-F0D54FA98428}.Debug|x86.Build.0 = Debug|x86
		{7044ACBB-DC2B-42BC-9DE1-F0D54FA98428}.Release|x86.ActiveCfg = Release|x86
		{7044ACBB-DC2B-42BC-9DE1-F0D54FA98428}.Release|x86.Build.0 = Release|x86
	EndGlobalSection
EndGlobal
